{
  "name": "inazuma",
  "lockfileVersion": 3,
  "requires": true,
  "packages": {
    "": {
      "dependencies": {
        "@openzeppelin/contracts": "^4.9.3"
      },
      "devDependencies": {
        "turbo": "latest"
      }
    },
    "node_modules/@openzeppelin/contracts": {
      "version": "4.9.3",
      "resolved": "https://registry.npmjs.org/@openzeppelin/contracts/-/contracts-4.9.3.tgz",
      "integrity": "sha512-He3LieZ1pP2TNt5JbkPA4PNT9WC3gOTOlDcFGJW4Le4QKqwmiNJCRt44APfxMxvq7OugU/cqYuPcSBzOw38DAg=="
    },
    "node_modules/turbo": {
      "version": "1.10.13",
      "resolved": "https://registry.npmjs.org/turbo/-/turbo-1.10.13.tgz",
      "integrity": "sha512-vOF5IPytgQPIsgGtT0n2uGZizR2N3kKuPIn4b5p5DdeLoI0BV7uNiydT7eSzdkPRpdXNnO8UwS658VaI4+YSzQ==",
      "dev": true,
      "bin": {
        "turbo": "bin/turbo"
      },
      "optionalDependencies": {
        "turbo-darwin-64": "1.10.13",
        "turbo-darwin-arm64": "1.10.13",
        "turbo-linux-64": "1.10.13",
        "turbo-linux-arm64": "1.10.13",
        "turbo-windows-64": "1.10.13",
        "turbo-windows-arm64": "1.10.13"
      }
    },
    "node_modules/turbo-darwin-64": {
      "version": "1.10.13",
      "resolved": "https://registry.npmjs.org/turbo-darwin-64/-/turbo-darwin-64-1.10.13.tgz",
      "integrity": "sha512-vmngGfa2dlYvX7UFVncsNDMuT4X2KPyPJ2Jj+xvf5nvQnZR/3IeDEGleGVuMi/hRzdinoxwXqgk9flEmAYp0Xw==",
      "cpu": [
        "x64"
      ],
      "dev": true,
      "optional": true,
      "os": [
        "darwin"
      ]
    },
    "node_modules/turbo-darwin-arm64": {
      "version": "1.10.13",
      "resolved": "https://registry.npmjs.org/turbo-darwin-arm64/-/turbo-darwin-arm64-1.10.13.tgz",
      "integrity": "sha512-eMoJC+k7gIS4i2qL6rKmrIQGP6Wr9nN4odzzgHFngLTMimok2cGLK3qbJs5O5F/XAtEeRAmuxeRnzQwTl/iuAw==",
      "cpu": [
        "arm64"
      ],
      "dev": true,
      "optional": true,
      "os": [
        "darwin"
      ]
    },
    "node_modules/turbo-linux-64": {
      "version": "1.10.13",
      "resolved": "https://registry.npmjs.org/turbo-linux-64/-/turbo-linux-64-1.10.13.tgz",
      "integrity": "sha512-0CyYmnKTs6kcx7+JRH3nPEqCnzWduM0hj8GP/aodhaIkLNSAGAa+RiYZz6C7IXN+xUVh5rrWTnU2f1SkIy7Gdg==",
      "cpu": [
        "x64"
      ],
      "dev": true,
      "optional": true,
      "os": [
        "linux"
      ]
    },
    "node_modules/turbo-linux-arm64": {
      "version": "1.10.13",
      "resolved": "https://registry.npmjs.org/turbo-linux-arm64/-/turbo-linux-arm64-1.10.13.tgz",
      "integrity": "sha512-0iBKviSGQQlh2OjZgBsGjkPXoxvRIxrrLLbLObwJo3sOjIH0loGmVIimGS5E323soMfi/o+sidjk2wU1kFfD7Q==",
      "cpu": [
        "arm64"
      ],
      "dev": true,
      "optional": true,
      "os": [
        "linux"
      ]
    },
    "node_modules/turbo-windows-64": {
      "version": "1.10.13",
      "resolved": "https://registry.npmjs.org/turbo-windows-64/-/turbo-windows-64-1.10.13.tgz",
      "integrity": "sha512-S5XySRfW2AmnTeY1IT+Jdr6Goq7mxWganVFfrmqU+qqq3Om/nr0GkcUX+KTIo9mPrN0D3p5QViBRzulwB5iuUQ==",
      "cpu": [
        "x64"
      ],
      "dev": true,
      "optional": true,
      "os": [
        "win32"
      ]
    },
    "node_modules/turbo-windows-arm64": {
      "version": "1.10.13",
      "resolved": "https://registry.npmjs.org/turbo-windows-arm64/-/turbo-windows-arm64-1.10.13.tgz",
      "integrity": "sha512-nKol6+CyiExJIuoIc3exUQPIBjP9nIq5SkMJgJuxsot2hkgGrafAg/izVDRDrRduQcXj2s8LdtxJHvvnbI8hEQ==",
      "cpu": [
        "arm64"
      ],
      "dev": true,
      "optional": true,
      "os": [
        "win32"
      ]
    }
  }
}
